
Microsoft Visual Studio Solution File, Format Version 12.00
# Visual Studio 15
Project("{FAE04EC0-301F-11D3-BF4B-00C04F79EFBC}") = "Assembly-CSharp", "Assembly-CSharp.csproj", "{EB3E5A29-FC19-9B54-8EC3-F54658ADC820}"
EndProject
Global
	GlobalSection(SolutionConfigurationPlatforms) = preSolution
		Debug|Any CPU = Debug|Any CPU
		Release|Any CPU = Release|Any CPU
	EndGlobalSection
	GlobalSection(ProjectConfigurationPlatforms) = postSolution
		{EB3E5A29-FC19-9B54-8EC3-F54658ADC820}.Debug|Any CPU.ActiveCfg = Debug|Any CPU
		{EB3E5A29-FC19-9B54-8EC3-F54658ADC820}.Debug|Any CPU.Build.0 = Debug|Any CPU
		{EB3E5A29-FC19-9B54-8EC3-F54658ADC820}.Release|Any CPU.ActiveCfg = Release|Any CPU
		{EB3E5A29-FC19-9B54-8EC3-F54658ADC820}.Release|Any CPU.Build.0 = Release|Any CPU
	EndGlobalSection
	GlobalSection(SolutionProperties) = preSolution
		HideSolutionNode = FALSE
	EndGlobalSection
EndGlobal
